<?xml version="1.0" encoding="utf-8"?>
<Project ToolsVersion="4.0" xmlns="http://schemas.microsoft.com/developer/msbuild/2003">
  <ItemGroup>
    <Filter Include="Source Files">
      <UniqueIdentifier>{4FC737F1-C7A5-4376-A066-2A32D752A2FF}</UniqueIdentifier>
      <Extensions>cpp;c;cc;cxx;c++;cppm;ixx;def;odl;idl;hpj;bat;asm;asmx</Extensions>
    </Filter>
    <Filter Include="Header Files">
      <UniqueIdentifier>{93995380-89BD-4b04-88EB-625FBE52EBFB}</UniqueIdentifier>
      <Extensions>h;hh;hpp;hxx;h++;hm;inl;inc;ipp;xsd</Extensions>
    </Filter>
    <Filter Include="Resource Files">
      <UniqueIdentifier>{67DA6AB6-F800-4c08-8B7A-83BB121AAD01}</UniqueIdentifier>
      <Extensions>rc;ico;cur;bmp;dlg;rc2;rct;bin;rgs;gif;jpg;jpeg;jpe;resx;tiff;tif;png;wav;mfcribbon-ms</Extensions>
    </Filter>
    <Filter Include="Header Files\ImGui">
      <UniqueIdentifier>{33530f2e-eacc-4631-86d7-ecc5fff1e78c}</UniqueIdentifier>
    </Filter>
    <Filter Include="Source Files\ImGui">
      <UniqueIdentifier>{d8468e06-81f7-4989-a347-4ea450d440fb}</UniqueIdentifier>
    </Filter>
  </ItemGroup>
  <ItemGroup>
    <ClInclude Include="src\SmileEngine.h">
      <Filter>Header Files</Filter>
    </ClInclude>
    <ClInclude Include="src\SmileEngine\Events\Event.h">
      <Filter>Header Files</Filter>
    </ClInclude>
    <ClInclude Include="src\SmileEngine\Events\KeyEvent.h">
      <Filter>Header Files</Filter>
    </ClInclude>
    <ClInclude Include="src\SmileEngine\Events\MouseEvent.h">
      <Filter>Header Files</Filter>
    </ClInclude>
    <ClInclude Include="src\SmileEngine\Events\ApplicationEvent.h">
      <Filter>Header Files</Filter>
    </ClInclude>
    <ClInclude Include="src\smpch.h">
      <Filter>Header Files</Filter>
    </ClInclude>
    <ClInclude Include="src\Platform\Windows\WindowsWindow.h">
      <Filter>Header Files</Filter>
    </ClInclude>
    <ClInclude Include="src\Platform\Windows\WindowsInput.h">
      <Filter>Header Files</Filter>
    </ClInclude>
    <ClInclude Include="src\SmileEngine\Renderer\RenderingContext.h">
      <Filter>Header Files</Filter>
    </ClInclude>
    <ClInclude Include="src\Platform\DirectX11\DirectX11Context.h">
      <Filter>Header Files</Filter>
    </ClInclude>
    <ClInclude Include="src\SmileEngine\ImGui\ImGuiLayer.h">
      <Filter>Header Files</Filter>
    </ClInclude>
    <ClInclude Include="src\SmileEngine\Core\SmTime.h">
      <Filter>Header Files</Filter>
    </ClInclude>
    <ClInclude Include="src\SmileEngine\Renderer\Buffer.h">
      <Filter>Header Files</Filter>
    </ClInclude>
    <ClInclude Include="src\Platform\DirectX11\DirectX11Buffer.h">
      <Filter>Header Files</Filter>
    </ClInclude>
    <ClInclude Include="src\SmileEngine\Renderer\Renderer.h">
      <Filter>Header Files</Filter>
    </ClInclude>
    <ClInclude Include="src\SmileEngine\Renderer\Shader.h">
      <Filter>Header Files</Filter>
    </ClInclude>
    <ClInclude Include="src\Platform\DirectX11\DirectX11Shader.h">
      <Filter>Header Files</Filter>
    </ClInclude>
    <ClInclude Include="src\SmileEngine\Renderer\VertexArray.h">
      <Filter>Header Files</Filter>
    </ClInclude>
    <ClInclude Include="src\SmileEngine\Renderer\RendererAPI.h">
      <Filter>Header Files</Filter>
    </ClInclude>
    <ClInclude Include="src\SmileEngine\Renderer\RenderCommand.h">
      <Filter>Header Files</Filter>
    </ClInclude>
    <ClInclude Include="src\Platform\DirectX11\DirectX11RendererAPI.h">
      <Filter>Header Files</Filter>
    </ClInclude>
    <ClInclude Include="src\SmileEngine\Renderer\OrthographicCamera.h">
      <Filter>Header Files</Filter>
    </ClInclude>
    <ClInclude Include="src\SmileEngine\Core\Timestep.h">
      <Filter>Header Files</Filter>
    </ClInclude>
    <ClInclude Include="src\SmileEngine\Scene\Scene.h">
      <Filter>Header Files</Filter>
    </ClInclude>
    <ClInclude Include="src\SmileEngine\Scene\Components.h">
      <Filter>Header Files</Filter>
    </ClInclude>
    <ClInclude Include="src\SmileEngine\Scene\Components\Component.h">
      <Filter>Header Files</Filter>
    </ClInclude>
    <ClInclude Include="src\SmileEngine\Scene\Components\TransformComponent.h">
      <Filter>Header Files</Filter>
    </ClInclude>
    <ClInclude Include="src\SmileEngine\Scene\Components\TagComponent.h">
      <Filter>Header Files</Filter>
    </ClInclude>
    <ClInclude Include="src\SmileEngine\Scene\Components\MeshRendererComponent.h">
      <Filter>Header Files</Filter>
    </ClInclude>
    <ClInclude Include="src\SmileEngine\Scene\Entity.h">
      <Filter>Header Files</Filter>
    </ClInclude>
    <ClInclude Include="src\SmileEngine\Renderer\PerspectiveCamera.h">
      <Filter>Header Files</Filter>
    </ClInclude>
    <ClInclude Include="src\SmileEngine\Renderer\Camera.h">
      <Filter>Header Files</Filter>
    </ClInclude>
    <ClInclude Include="src\SmileEngine\Renderer\Mesh.h">
      <Filter>Header Files</Filter>
    </ClInclude>
    <ClInclude Include="src\SmileEngine\Renderer\Texture.h">
      <Filter>Header Files</Filter>
    </ClInclude>
    <ClInclude Include="src\Platform\DirectX11\DirectX11Texture.h">
      <Filter>Header Files</Filter>
    </ClInclude>
    <ClInclude Include="src\SmileEngine\Renderer\Material.h">
      <Filter>Header Files</Filter>
    </ClInclude>
    <ClInclude Include="Libs\entt\entt.hpp">
      <Filter>Header Files</Filter>
    </ClInclude>
    <ClInclude Include="Libs\ImGui\imconfig.h">
      <Filter>Header Files</Filter>
    </ClInclude>
    <ClInclude Include="Libs\ImGui\imgui.h">
      <Filter>Header Files</Filter>
    </ClInclude>
    <ClInclude Include="Libs\ImGui\imgui_impl_dx11.h">
      <Filter>Header Files</Filter>
    </ClInclude>
    <ClInclude Include="Libs\ImGui\imgui_impl_win32.h">
      <Filter>Header Files</Filter>
    </ClInclude>
    <ClInclude Include="Libs\ImGui\imgui_internal.h">
      <Filter>Header Files</Filter>
    </ClInclude>
    <ClInclude Include="Libs\ImGui\imstb_rectpack.h">
      <Filter>Header Files</Filter>
    </ClInclude>
    <ClInclude Include="Libs\ImGui\imstb_textedit.h">
      <Filter>Header Files</Filter>
    </ClInclude>
    <ClInclude Include="Libs\ImGui\imstb_truetype.h">
      <Filter>Header Files</Filter>
    </ClInclude>
    <ClInclude Include="src\SmileEngine\Core\Core.h">
      <Filter>Header Files</Filter>
    </ClInclude>
    <ClInclude Include="src\SmileEngine\Core\EntryPoint.h">
      <Filter>Header Files</Filter>
    </ClInclude>
    <ClInclude Include="src\SmileEngine\Core\Input.h">
      <Filter>Header Files</Filter>
    </ClInclude>
    <ClInclude Include="src\SmileEngine\Core\KeyCodes.h">
      <Filter>Header Files</Filter>
    </ClInclude>
    <ClInclude Include="src\SmileEngine\Core\Layer.h">
      <Filter>Header Files</Filter>
    </ClInclude>
    <ClInclude Include="src\SmileEngine\Core\LayerStack.h">
      <Filter>Header Files</Filter>
    </ClInclude>
    <ClInclude Include="src\SmileEngine\Core\Logger.h">
      <Filter>Header Files</Filter>
    </ClInclude>
    <ClInclude Include="src\SmileEngine\Core\MeshLoader.h">
      <Filter>Header Files</Filter>
    </ClInclude>
    <ClInclude Include="src\SmileEngine\Core\SmileGame.h">
      <Filter>Header Files</Filter>
    </ClInclude>
    <ClInclude Include="src\SmileEngine\Core\Window.h">
      <Filter>Header Files</Filter>
    </ClInclude>
    <ClInclude Include="src\SmileEngine\Renderer\PerspectiveCameraController.h">
      <Filter>Header Files</Filter>
    </ClInclude>
    <ClInclude Include="src\SmileEngine\Renderer\Framebuffer.h">
      <Filter>Header Files</Filter>
    </ClInclude>
    <ClInclude Include="src\Platform\DirectX11\DirectX11Framebuffer.h">
      <Filter>Header Files</Filter>
    </ClInclude>
    <ClInclude Include="src\SmileEngine\Utils\Utils.h">
      <Filter>Header Files</Filter>
    </ClInclude>
    <ClInclude Include="src\SmileEngine\Scene\SceneCamera.h">
      <Filter>Header Files</Filter>
    </ClInclude>
    <ClInclude Include="resource.h">
      <Filter>Header Files</Filter>
    </ClInclude>
    <ClInclude Include="Libs\yaml-cpp\contrib\anchordict.h">
      <Filter>Header Files</Filter>
    </ClInclude>
    <ClInclude Include="Libs\yaml-cpp\contrib\graphbuilder.h">
      <Filter>Header Files</Filter>
    </ClInclude>
    <ClInclude Include="Libs\yaml-cpp\node\detail\impl.h">
      <Filter>Header Files</Filter>
    </ClInclude>
    <ClInclude Include="Libs\yaml-cpp\node\detail\iterator.h">
      <Filter>Header Files</Filter>
    </ClInclude>
    <ClInclude Include="Libs\yaml-cpp\node\detail\iterator_fwd.h">
      <Filter>Header Files</Filter>
    </ClInclude>
    <ClInclude Include="Libs\yaml-cpp\node\detail\memory.h">
      <Filter>Header Files</Filter>
    </ClInclude>
    <ClInclude Include="Libs\yaml-cpp\node\detail\node.h">
      <Filter>Header Files</Filter>
    </ClInclude>
    <ClInclude Include="Libs\yaml-cpp\node\detail\node_data.h">
      <Filter>Header Files</Filter>
    </ClInclude>
    <ClInclude Include="Libs\yaml-cpp\node\detail\node_iterator.h">
      <Filter>Header Files</Filter>
    </ClInclude>
    <ClInclude Include="Libs\yaml-cpp\node\detail\node_ref.h">
      <Filter>Header Files</Filter>
    </ClInclude>
    <ClInclude Include="Libs\yaml-cpp\node\convert.h">
      <Filter>Header Files</Filter>
    </ClInclude>
    <ClInclude Include="Libs\yaml-cpp\node\emit.h">
      <Filter>Header Files</Filter>
    </ClInclude>
    <ClInclude Include="Libs\yaml-cpp\node\impl.h">
      <Filter>Header Files</Filter>
    </ClInclude>
    <ClInclude Include="Libs\yaml-cpp\node\iterator.h">
      <Filter>Header Files</Filter>
    </ClInclude>
    <ClInclude Include="Libs\yaml-cpp\node\node.h">
      <Filter>Header Files</Filter>
    </ClInclude>
    <ClInclude Include="Libs\yaml-cpp\node\parse.h">
      <Filter>Header Files</Filter>
    </ClInclude>
    <ClInclude Include="Libs\yaml-cpp\node\ptr.h">
      <Filter>Header Files</Filter>
    </ClInclude>
    <ClInclude Include="Libs\yaml-cpp\node\type.h">
      <Filter>Header Files</Filter>
    </ClInclude>
    <ClInclude Include="Libs\yaml-cpp\anchor.h">
      <Filter>Header Files</Filter>
    </ClInclude>
    <ClInclude Include="Libs\yaml-cpp\binary.h">
      <Filter>Header Files</Filter>
    </ClInclude>
    <ClInclude Include="Libs\yaml-cpp\depthguard.h">
      <Filter>Header Files</Filter>
    </ClInclude>
    <ClInclude Include="Libs\yaml-cpp\dll.h">
      <Filter>Header Files</Filter>
    </ClInclude>
    <ClInclude Include="Libs\yaml-cpp\emitfromevents.h">
      <Filter>Header Files</Filter>
    </ClInclude>
    <ClInclude Include="Libs\yaml-cpp\emitter.h">
      <Filter>Header Files</Filter>
    </ClInclude>
    <ClInclude Include="Libs\yaml-cpp\emitterdef.h">
      <Filter>Header Files</Filter>
    </ClInclude>
    <ClInclude Include="Libs\yaml-cpp\emittermanip.h">
      <Filter>Header Files</Filter>
    </ClInclude>
    <ClInclude Include="Libs\yaml-cpp\emitterstyle.h">
      <Filter>Header Files</Filter>
    </ClInclude>
    <ClInclude Include="Libs\yaml-cpp\eventhandler.h">
      <Filter>Header Files</Filter>
    </ClInclude>
    <ClInclude Include="Libs\yaml-cpp\exceptions.h">
      <Filter>Header Files</Filter>
    </ClInclude>
    <ClInclude Include="Libs\yaml-cpp\mark.h">
      <Filter>Header Files</Filter>
    </ClInclude>
    <ClInclude Include="Libs\yaml-cpp\noexcept.h">
      <Filter>Header Files</Filter>
    </ClInclude>
    <ClInclude Include="Libs\yaml-cpp\null.h">
      <Filter>Header Files</Filter>
    </ClInclude>
    <ClInclude Include="Libs\yaml-cpp\ostream_wrapper.h">
      <Filter>Header Files</Filter>
    </ClInclude>
    <ClInclude Include="Libs\yaml-cpp\parser.h">
      <Filter>Header Files</Filter>
    </ClInclude>
    <ClInclude Include="Libs\yaml-cpp\stlemitter.h">
      <Filter>Header Files</Filter>
    </ClInclude>
    <ClInclude Include="Libs\yaml-cpp\traits.h">
      <Filter>Header Files</Filter>
    </ClInclude>
    <ClInclude Include="Libs\yaml-cpp\yaml.h">
      <Filter>Header Files</Filter>
    </ClInclude>
    <ClInclude Include="src\SmileEngine\Scene\SceneSerializer.h">
      <Filter>Header Files</Filter>
    </ClInclude>
    <ClInclude Include="src\SmileEngine\Utils\PlatformUtils.h">
      <Filter>Header Files</Filter>
    </ClInclude>
  </ItemGroup>
  <ItemGroup>
    <ClCompile Include="src\smpch.cpp">
      <Filter>Source Files</Filter>
    </ClCompile>
    <ClCompile Include="src\Platform\Windows\WindowsWindow.cpp">
      <Filter>Source Files</Filter>
    </ClCompile>
    <ClCompile Include="src\Platform\Windows\WindowsInput.cpp">
      <Filter>Source Files</Filter>
    </ClCompile>
    <ClCompile Include="src\Platform\DirectX11\DirectX11Context.cpp">
      <Filter>Source Files</Filter>
    </ClCompile>
    <ClCompile Include="src\SmileEngine\ImGui\ImGuiLayer.cpp">
      <Filter>Source Files</Filter>
    </ClCompile>
    <ClCompile Include="src\SmileEngine\Core\SmTime.cpp">
      <Filter>Source Files</Filter>
    </ClCompile>
    <ClCompile Include="src\SmileEngine\Renderer\Buffer.cpp">
      <Filter>Source Files</Filter>
    </ClCompile>
    <ClCompile Include="src\Platform\DirectX11\DirectX11Buffer.cpp">
      <Filter>Source Files</Filter>
    </ClCompile>
    <ClCompile Include="src\SmileEngine\Renderer\Renderer.cpp">
      <Filter>Source Files</Filter>
    </ClCompile>
    <ClCompile Include="src\SmileEngine\Renderer\Shader.cpp">
      <Filter>Source Files</Filter>
    </ClCompile>
    <ClCompile Include="src\Platform\DirectX11\DirectX11Shader.cpp">
      <Filter>Source Files</Filter>
    </ClCompile>
    <ClCompile Include="src\SmileEngine\Renderer\VertexArray.cpp">
      <Filter>Source Files</Filter>
    </ClCompile>
    <ClCompile Include="src\SmileEngine\Renderer\RendererAPI.cpp">
      <Filter>Source Files</Filter>
    </ClCompile>
    <ClCompile Include="src\SmileEngine\Renderer\RenderCommand.cpp">
      <Filter>Source Files</Filter>
    </ClCompile>
    <ClCompile Include="src\Platform\DirectX11\DirectX11RendererAPI.cpp">
      <Filter>Source Files</Filter>
    </ClCompile>
    <ClCompile Include="src\SmileEngine\Renderer\OrthographicCamera.cpp">
      <Filter>Source Files</Filter>
    </ClCompile>
    <ClCompile Include="src\SmileEngine\Scene\Scene.cpp">
      <Filter>Source Files</Filter>
    </ClCompile>
    <ClCompile Include="src\SmileEngine\Renderer\PerspectiveCamera.cpp">
      <Filter>Source Files</Filter>
    </ClCompile>
    <ClCompile Include="src\SmileEngine\Renderer\Mesh.cpp">
      <Filter>Source Files</Filter>
    </ClCompile>
    <ClCompile Include="src\SmileEngine\Renderer\Texture.cpp">
      <Filter>Source Files</Filter>
    </ClCompile>
    <ClCompile Include="src\Platform\DirectX11\DirectX11Texture.cpp">
      <Filter>Source Files</Filter>
    </ClCompile>
    <ClCompile Include="src\SmileEngine\Renderer\Material.cpp">
      <Filter>Source Files</Filter>
    </ClCompile>
    <ClCompile Include="Libs\ImGui\imgui.cpp">
      <Filter>Source Files</Filter>
    </ClCompile>
    <ClCompile Include="Libs\ImGui\imgui_demo.cpp">
      <Filter>Source Files</Filter>
    </ClCompile>
    <ClCompile Include="Libs\ImGui\imgui_draw.cpp">
      <Filter>Source Files</Filter>
    </ClCompile>
    <ClCompile Include="Libs\ImGui\imgui_impl_dx11.cpp">
      <Filter>Source Files</Filter>
    </ClCompile>
    <ClCompile Include="Libs\ImGui\imgui_impl_win32.cpp">
      <Filter>Source Files</Filter>
    </ClCompile>
    <ClCompile Include="Libs\ImGui\imgui_widgets.cpp">
      <Filter>Source Files</Filter>
    </ClCompile>
    <ClCompile Include="src\SmileEngine\Core\Layer.cpp">
      <Filter>Source Files</Filter>
    </ClCompile>
    <ClCompile Include="src\SmileEngine\Core\LayerStack.cpp">
      <Filter>Source Files</Filter>
    </ClCompile>
    <ClCompile Include="src\SmileEngine\Core\Logger.cpp">
      <Filter>Source Files</Filter>
    </ClCompile>
    <ClCompile Include="src\SmileEngine\Core\MeshLoader.cpp">
      <Filter>Source Files</Filter>
    </ClCompile>
    <ClCompile Include="src\SmileEngine\Core\SmileGame.cpp">
      <Filter>Source Files</Filter>
    </ClCompile>
    <ClCompile Include="src\SmileEngine\Renderer\PerspectiveCameraController.cpp">
      <Filter>Source Files</Filter>
    </ClCompile>
    <ClCompile Include="src\SmileEngine\Renderer\Framebuffer.cpp">
      <Filter>Source Files</Filter>
    </ClCompile>
    <ClCompile Include="src\Platform\DirectX11\DirectX11Framebuffer.cpp">
      <Filter>Source Files</Filter>
    </ClCompile>
    <ClCompile Include="src\SmileEngine\Utils\Utils.cpp">
      <Filter>Source Files</Filter>
    </ClCompile>
    <ClCompile Include="src\SmileEngine\Scene\SceneCamera.cpp">
      <Filter>Source Files</Filter>
    </ClCompile>
    <ClCompile Include="src\SmileEngine\Scene\SceneSerializer.cpp">
      <Filter>Source Files</Filter>
    </ClCompile>
    <ClCompile Include="src\Platform\Windows\WindowsPlatformUtils.cpp">
      <Filter>Source Files</Filter>
    </ClCompile>
  </ItemGroup>
  <ItemGroup>
    <ResourceCompile Include="SmileEngine.rc">
      <Filter>Resource Files</Filter>
    </ResourceCompile>
  </ItemGroup>
  <ItemGroup>
    <Image Include="Resources\Icons\logo.ico">
      <Filter>Resource Files</Filter>
    </Image>
  </ItemGroup>
</Project>