
Microsoft Visual Studio Solution File, Format Version 12.00
# Visual Studio Version 16
VisualStudioVersion = 16.0.31105.61
MinimumVisualStudioVersion = 10.0.40219.1
Project("{8BC9CEB8-8B4A-11D0-8D11-00A0C91BC942}") = "smile-project", "smile-project\smile-project.vcxproj", "{8CC7D7A8-C483-46AD-92B2-1BA44442F5AE}"
EndProject
Project("{8BC9CEB8-8B4A-11D0-8D11-00A0C91BC942}") = "smile-engine", "smile-engine\smile-engine.vcxproj", "{495E5E4C-08D2-42BE-8B9B-0DCF54F83425}"
EndProject
Project("{8BC9CEB8-8B4A-11D0-8D11-00A0C91BC942}") = "smile-editor", "smile-editor\smile-editor.vcxproj", "{95FE87EC-46DF-46B9-8DA3-990E75E82404}"
EndProject
Project("{8BC9CEB8-8B4A-11D0-8D11-00A0C91BC942}") = "unit-tests", "unit-tests\unit-tests.vcxproj", "{4EF2D515-D62B-4489-93FE-8DA7F32B8C8D}"
EndProject
Project("{8BC9CEB8-8B4A-11D0-8D11-00A0C91BC942}") = "smile-raster", "smile-raster\smile-raster.vcxproj", "{A9D60AB2-78EA-4D7F-BD81-552E080E0401}"
EndProject
Project("{FAE04EC0-301F-11D3-BF4B-00C04F79EFBC}") = "smile-script-core", "smile-script-core\smile-script-core.csproj", "{4B7520D8-0015-416D-929A-FE7EE3CE1FC7}"
EndProject
Global
	GlobalSection(SolutionConfigurationPlatforms) = preSolution
		Debug|Any CPU = Debug|Any CPU
		Debug|x64 = Debug|x64
		Debug|x86 = Debug|x86
		Release|Any CPU = Release|Any CPU
		Release|x64 = Release|x64
		Release|x86 = Release|x86
	EndGlobalSection
	GlobalSection(ProjectConfigurationPlatforms) = postSolution
		{8CC7D7A8-C483-46AD-92B2-1BA44442F5AE}.Debug|Any CPU.ActiveCfg = Debug|Win32
		{8CC7D7A8-C483-46AD-92B2-1BA44442F5AE}.Debug|x64.ActiveCfg = Debug|x64
		{8CC7D7A8-C483-46AD-92B2-1BA44442F5AE}.Debug|x64.Build.0 = Debug|x64
		{8CC7D7A8-C483-46AD-92B2-1BA44442F5AE}.Debug|x86.ActiveCfg = Debug|Win32
		{8CC7D7A8-C483-46AD-92B2-1BA44442F5AE}.Debug|x86.Build.0 = Debug|Win32
		{8CC7D7A8-C483-46AD-92B2-1BA44442F5AE}.Release|Any CPU.ActiveCfg = Release|Win32
		{8CC7D7A8-C483-46AD-92B2-1BA44442F5AE}.Release|x64.ActiveCfg = Release|x64
		{8CC7D7A8-C483-46AD-92B2-1BA44442F5AE}.Release|x64.Build.0 = Release|x64
		{8CC7D7A8-C483-46AD-92B2-1BA44442F5AE}.Release|x86.ActiveCfg = Release|Win32
		{8CC7D7A8-C483-46AD-92B2-1BA44442F5AE}.Release|x86.Build.0 = Release|Win32
		{495E5E4C-08D2-42BE-8B9B-0DCF54F83425}.Debug|Any CPU.ActiveCfg = Debug|Win32
		{495E5E4C-08D2-42BE-8B9B-0DCF54F83425}.Debug|x64.ActiveCfg = Debug|x64
		{495E5E4C-08D2-42BE-8B9B-0DCF54F83425}.Debug|x64.Build.0 = Debug|x64
		{495E5E4C-08D2-42BE-8B9B-0DCF54F83425}.Debug|x86.ActiveCfg = Debug|Win32
		{495E5E4C-08D2-42BE-8B9B-0DCF54F83425}.Debug|x86.Build.0 = Debug|Win32
		{495E5E4C-08D2-42BE-8B9B-0DCF54F83425}.Release|Any CPU.ActiveCfg = Release|Win32
		{495E5E4C-08D2-42BE-8B9B-0DCF54F83425}.Release|x64.ActiveCfg = Release|x64
		{495E5E4C-08D2-42BE-8B9B-0DCF54F83425}.Release|x64.Build.0 = Release|x64
		{495E5E4C-08D2-42BE-8B9B-0DCF54F83425}.Release|x86.ActiveCfg = Release|Win32
		{495E5E4C-08D2-42BE-8B9B-0DCF54F83425}.Release|x86.Build.0 = Release|Win32
		{95FE87EC-46DF-46B9-8DA3-990E75E82404}.Debug|Any CPU.ActiveCfg = Debug|Win32
		{95FE87EC-46DF-46B9-8DA3-990E75E82404}.Debug|x64.ActiveCfg = Debug|x64
		{95FE87EC-46DF-46B9-8DA3-990E75E82404}.Debug|x64.Build.0 = Debug|x64
		{95FE87EC-46DF-46B9-8DA3-990E75E82404}.Debug|x86.ActiveCfg = Debug|Win32
		{95FE87EC-46DF-46B9-8DA3-990E75E82404}.Debug|x86.Build.0 = Debug|Win32
		{95FE87EC-46DF-46B9-8DA3-990E75E82404}.Release|Any CPU.ActiveCfg = Release|Win32
		{95FE87EC-46DF-46B9-8DA3-990E75E82404}.Release|x64.ActiveCfg = Release|x64
		{95FE87EC-46DF-46B9-8DA3-990E75E82404}.Release|x64.Build.0 = Release|x64
		{95FE87EC-46DF-46B9-8DA3-990E75E82404}.Release|x86.ActiveCfg = Release|Win32
		{95FE87EC-46DF-46B9-8DA3-990E75E82404}.Release|x86.Build.0 = Release|Win32
		{4EF2D515-D62B-4489-93FE-8DA7F32B8C8D}.Debug|Any CPU.ActiveCfg = Debug|Win32
		{4EF2D515-D62B-4489-93FE-8DA7F32B8C8D}.Debug|x64.ActiveCfg = Debug|x64
		{4EF2D515-D62B-4489-93FE-8DA7F32B8C8D}.Debug|x64.Build.0 = Debug|x64
		{4EF2D515-D62B-4489-93FE-8DA7F32B8C8D}.Debug|x86.ActiveCfg = Debug|Win32
		{4EF2D515-D62B-4489-93FE-8DA7F32B8C8D}.Debug|x86.Build.0 = Debug|Win32
		{4EF2D515-D62B-4489-93FE-8DA7F32B8C8D}.Release|Any CPU.ActiveCfg = Release|Win32
		{4EF2D515-D62B-4489-93FE-8DA7F32B8C8D}.Release|x64.ActiveCfg = Release|x64
		{4EF2D515-D62B-4489-93FE-8DA7F32B8C8D}.Release|x64.Build.0 = Release|x64
		{4EF2D515-D62B-4489-93FE-8DA7F32B8C8D}.Release|x86.ActiveCfg = Release|Win32
		{4EF2D515-D62B-4489-93FE-8DA7F32B8C8D}.Release|x86.Build.0 = Release|Win32
		{A9D60AB2-78EA-4D7F-BD81-552E080E0401}.Debug|Any CPU.ActiveCfg = Debug|Win32
		{A9D60AB2-78EA-4D7F-BD81-552E080E0401}.Debug|x64.ActiveCfg = Debug|x64
		{A9D60AB2-78EA-4D7F-BD81-552E080E0401}.Debug|x64.Build.0 = Debug|x64
		{A9D60AB2-78EA-4D7F-BD81-552E080E0401}.Debug|x86.ActiveCfg = Debug|Win32
		{A9D60AB2-78EA-4D7F-BD81-552E080E0401}.Debug|x86.Build.0 = Debug|Win32
		{A9D60AB2-78EA-4D7F-BD81-552E080E0401}.Release|Any CPU.ActiveCfg = Release|Win32
		{A9D60AB2-78EA-4D7F-BD81-552E080E0401}.Release|x64.ActiveCfg = Release|x64
		{A9D60AB2-78EA-4D7F-BD81-552E080E0401}.Release|x64.Build.0 = Release|x64
		{A9D60AB2-78EA-4D7F-BD81-552E080E0401}.Release|x86.ActiveCfg = Release|Win32
		{A9D60AB2-78EA-4D7F-BD81-552E080E0401}.Release|x86.Build.0 = Release|Win32
		{4B7520D8-0015-416D-929A-FE7EE3CE1FC7}.Debug|Any CPU.ActiveCfg = Debug|Any CPU
		{4B7520D8-0015-416D-929A-FE7EE3CE1FC7}.Debug|Any CPU.Build.0 = Debug|Any CPU
		{4B7520D8-0015-416D-929A-FE7EE3CE1FC7}.Debug|x64.ActiveCfg = Debug|Any CPU
		{4B7520D8-0015-416D-929A-FE7EE3CE1FC7}.Debug|x64.Build.0 = Debug|Any CPU
		{4B7520D8-0015-416D-929A-FE7EE3CE1FC7}.Debug|x86.ActiveCfg = Debug|Any CPU
		{4B7520D8-0015-416D-929A-FE7EE3CE1FC7}.Debug|x86.Build.0 = Debug|Any CPU
		{4B7520D8-0015-416D-929A-FE7EE3CE1FC7}.Release|Any CPU.ActiveCfg = Release|Any CPU
		{4B7520D8-0015-416D-929A-FE7EE3CE1FC7}.Release|Any CPU.Build.0 = Release|Any CPU
		{4B7520D8-0015-416D-929A-FE7EE3CE1FC7}.Release|x64.ActiveCfg = Release|Any CPU
		{4B7520D8-0015-416D-929A-FE7EE3CE1FC7}.Release|x64.Build.0 = Release|Any CPU
		{4B7520D8-0015-416D-929A-FE7EE3CE1FC7}.Release|x86.ActiveCfg = Release|Any CPU
		{4B7520D8-0015-416D-929A-FE7EE3CE1FC7}.Release|x86.Build.0 = Release|Any CPU
	EndGlobalSection
	GlobalSection(SolutionProperties) = preSolution
		HideSolutionNode = FALSE
	EndGlobalSection
	GlobalSection(ExtensibilityGlobals) = postSolution
		SolutionGuid = {2A06E08A-E820-482A-BAD9-615C8F058FCA}
	EndGlobalSection
EndGlobal
