<?xml version="1.0" encoding="utf-8"?>
<Project ToolsVersion="4.0" xmlns="http://schemas.microsoft.com/developer/msbuild/2003">
  <ItemGroup>
    <Filter Include="Source Files">
      <UniqueIdentifier>{4FC737F1-C7A5-4376-A066-2A32D752A2FF}</UniqueIdentifier>
      <Extensions>cpp;c;cc;cxx;c++;cppm;ixx;def;odl;idl;hpj;bat;asm;asmx</Extensions>
    </Filter>
    <Filter Include="Header Files">
      <UniqueIdentifier>{93995380-89BD-4b04-88EB-625FBE52EBFB}</UniqueIdentifier>
      <Extensions>h;hh;hpp;hxx;h++;hm;inl;inc;ipp;xsd</Extensions>
    </Filter>
    <Filter Include="Resource Files">
      <UniqueIdentifier>{67DA6AB6-F800-4c08-8B7A-83BB121AAD01}</UniqueIdentifier>
      <Extensions>rc;ico;cur;bmp;dlg;rc2;rct;bin;rgs;gif;jpg;jpeg;jpe;resx;tiff;tif;png;wav;mfcribbon-ms</Extensions>
    </Filter>
    <Filter Include="Header Files\ImGui">
      <UniqueIdentifier>{33530f2e-eacc-4631-86d7-ecc5fff1e78c}</UniqueIdentifier>
    </Filter>
    <Filter Include="Source Files\ImGui">
      <UniqueIdentifier>{d8468e06-81f7-4989-a347-4ea450d440fb}</UniqueIdentifier>
    </Filter>
  </ItemGroup>
  <ItemGroup>
    <ClInclude Include="src\smile_engine.h">
      <Filter>Header Files</Filter>
    </ClInclude>
    <ClInclude Include="src\smile_engine\events\event.h">
      <Filter>Header Files</Filter>
    </ClInclude>
    <ClInclude Include="src\smile_engine\events\key_event.h">
      <Filter>Header Files</Filter>
    </ClInclude>
    <ClInclude Include="src\smile_engine\events\mouse_event.h">
      <Filter>Header Files</Filter>
    </ClInclude>
    <ClInclude Include="src\smile_engine\events\application_event.h">
      <Filter>Header Files</Filter>
    </ClInclude>
    <ClInclude Include="src\smpch.h">
      <Filter>Header Files</Filter>
    </ClInclude>
    <ClInclude Include="src\Platform\Windows\windows_window.h">
      <Filter>Header Files</Filter>
    </ClInclude>
    <ClInclude Include="src\smile_engine\renderer\graphics_context.h">
      <Filter>Header Files</Filter>
    </ClInclude>
    <ClInclude Include="src\Platform\DirectX11\directx11_context.h">
      <Filter>Header Files</Filter>
    </ClInclude>
    <ClInclude Include="src\smile_engine\core\timer.h">
      <Filter>Header Files</Filter>
    </ClInclude>
    <ClInclude Include="src\smile_engine\renderer\shader\buffer.h">
      <Filter>Header Files</Filter>
    </ClInclude>
    <ClInclude Include="src\Platform\DirectX11\Resource\directx11_index_buffer.h">
      <Filter>Header Files</Filter>
    </ClInclude>
    <ClInclude Include="src\smile_engine\renderer\renderer.h">
      <Filter>Header Files</Filter>
    </ClInclude>
    <ClInclude Include="src\smile_engine\renderer\shader\shader.h">
      <Filter>Header Files</Filter>
    </ClInclude>
    <ClInclude Include="src\Platform\DirectX11\Shader\directx11_shader.h">
      <Filter>Header Files</Filter>
    </ClInclude>
    <ClInclude Include="src\smile_engine\renderer\resource\vertex_array.h">
      <Filter>Header Files</Filter>
    </ClInclude>
    <ClInclude Include="src\smile_engine\renderer\renderer_api.h">
      <Filter>Header Files</Filter>
    </ClInclude>
    <ClInclude Include="src\smile_engine\renderer\render_command.h">
      <Filter>Header Files</Filter>
    </ClInclude>
    <ClInclude Include="src\Platform\DirectX11\directx11_renderer_api.h">
      <Filter>Header Files</Filter>
    </ClInclude>
    <ClInclude Include="src\smile_engine\renderer\camera\orthographic_camera.h">
      <Filter>Header Files</Filter>
    </ClInclude>
    <ClInclude Include="src\smile_engine\core\timestep.h">
      <Filter>Header Files</Filter>
    </ClInclude>
    <ClInclude Include="src\smile_engine\scene\scene.h">
      <Filter>Header Files</Filter>
    </ClInclude>
    <ClInclude Include="src\smile_engine\scene\components.h">
      <Filter>Header Files</Filter>
    </ClInclude>
    <ClInclude Include="src\SmileEngine\Scene\Components\Component.h">
      <Filter>Header Files</Filter>
    </ClInclude>
    <ClInclude Include="src\SmileEngine\Scene\Components\TransformComponent.h">
      <Filter>Header Files</Filter>
    </ClInclude>
    <ClInclude Include="src\SmileEngine\Scene\Components\TagComponent.h">
      <Filter>Header Files</Filter>
    </ClInclude>
    <ClInclude Include="src\SmileEngine\Scene\Components\MeshRendererComponent.h">
      <Filter>Header Files</Filter>
    </ClInclude>
    <ClInclude Include="src\smile_engine\scene\entity.h">
      <Filter>Header Files</Filter>
    </ClInclude>
    <ClInclude Include="src\smile_engine\renderer\camera\perspective_camera.h">
      <Filter>Header Files</Filter>
    </ClInclude>
    <ClInclude Include="src\smile_engine\renderer\camera\camera.h">
      <Filter>Header Files</Filter>
    </ClInclude>
    <ClInclude Include="src\smile_engine\renderer\resource\texture.h">
      <Filter>Header Files</Filter>
    </ClInclude>
    <ClInclude Include="src\Platform\DirectX11\Resource\directx11_texture.h">
      <Filter>Header Files</Filter>
    </ClInclude>
    <ClInclude Include="src\smile_engine\renderer\mesh\material.h">
      <Filter>Header Files</Filter>
    </ClInclude>
    <ClInclude Include="thirdparty\entt\entt.hpp">
      <Filter>Header Files</Filter>
    </ClInclude>
    <ClInclude Include="thirdparty\imgui\imconfig.h">
      <Filter>Header Files</Filter>
    </ClInclude>
    <ClInclude Include="thirdparty\imgui\imgui.h">
      <Filter>Header Files</Filter>
    </ClInclude>
    <ClInclude Include="thirdparty\imgui\imgui_impl_dx11.h">
      <Filter>Header Files</Filter>
    </ClInclude>
    <ClInclude Include="thirdparty\imgui\imgui_impl_win32.h">
      <Filter>Header Files</Filter>
    </ClInclude>
    <ClInclude Include="thirdparty\imgui\imgui_internal.h">
      <Filter>Header Files</Filter>
    </ClInclude>
    <ClInclude Include="thirdparty\imgui\imstb_rectpack.h">
      <Filter>Header Files</Filter>
    </ClInclude>
    <ClInclude Include="thirdparty\imgui\imstb_textedit.h">
      <Filter>Header Files</Filter>
    </ClInclude>
    <ClInclude Include="thirdparty\imgui\imstb_truetype.h">
      <Filter>Header Files</Filter>
    </ClInclude>
    <ClInclude Include="src\smile_engine\core\core.h">
      <Filter>Header Files</Filter>
    </ClInclude>
    <ClInclude Include="src\smile_engine\core\entry_point.h">
      <Filter>Header Files</Filter>
    </ClInclude>
    <ClInclude Include="src\SmileEngine\Core\Input.h">
      <Filter>Header Files</Filter>
    </ClInclude>
    <ClInclude Include="src\SmileEngine\Core\KeyCodes.h">
      <Filter>Header Files</Filter>
    </ClInclude>
    <ClInclude Include="src\smile_engine\core\layer.h">
      <Filter>Header Files</Filter>
    </ClInclude>
    <ClInclude Include="src\smile_engine\core\layer_stack.h">
      <Filter>Header Files</Filter>
    </ClInclude>
    <ClInclude Include="src\smile_engine\core\logger.h">
      <Filter>Header Files</Filter>
    </ClInclude>
    <ClInclude Include="src\smile_engine\renderer\mesh\mesh_loader.h">
      <Filter>Header Files</Filter>
    </ClInclude>
    <ClInclude Include="src\smile_engine\core\application.h">
      <Filter>Header Files</Filter>
    </ClInclude>
    <ClInclude Include="src\smile_engine\core\window.h">
      <Filter>Header Files</Filter>
    </ClInclude>
    <ClInclude Include="src\smile_engine\renderer\camera\perspective_camera_controller.h">
      <Filter>Header Files</Filter>
    </ClInclude>
    <ClInclude Include="src\smile_engine\renderer\resource\frame_buffer.h">
      <Filter>Header Files</Filter>
    </ClInclude>
    <ClInclude Include="src\Platform\DirectX11\Resource\directx11_frame_buffer.h">
      <Filter>Header Files</Filter>
    </ClInclude>
    <ClInclude Include="src\smile_engine\scene\scene_camera.h">
      <Filter>Header Files</Filter>
    </ClInclude>
    <ClInclude Include="resource.h">
      <Filter>Header Files</Filter>
    </ClInclude>
    <ClInclude Include="Libs\yaml-cpp\contrib\anchordict.h">
      <Filter>Header Files</Filter>
    </ClInclude>
    <ClInclude Include="Libs\yaml-cpp\contrib\graphbuilder.h">
      <Filter>Header Files</Filter>
    </ClInclude>
    <ClInclude Include="Libs\yaml-cpp\node\detail\impl.h">
      <Filter>Header Files</Filter>
    </ClInclude>
    <ClInclude Include="Libs\yaml-cpp\node\detail\iterator.h">
      <Filter>Header Files</Filter>
    </ClInclude>
    <ClInclude Include="Libs\yaml-cpp\node\detail\iterator_fwd.h">
      <Filter>Header Files</Filter>
    </ClInclude>
    <ClInclude Include="Libs\yaml-cpp\node\detail\memory.h">
      <Filter>Header Files</Filter>
    </ClInclude>
    <ClInclude Include="Libs\yaml-cpp\node\detail\node.h">
      <Filter>Header Files</Filter>
    </ClInclude>
    <ClInclude Include="Libs\yaml-cpp\node\detail\node_data.h">
      <Filter>Header Files</Filter>
    </ClInclude>
    <ClInclude Include="Libs\yaml-cpp\node\detail\node_iterator.h">
      <Filter>Header Files</Filter>
    </ClInclude>
    <ClInclude Include="Libs\yaml-cpp\node\detail\node_ref.h">
      <Filter>Header Files</Filter>
    </ClInclude>
    <ClInclude Include="Libs\yaml-cpp\node\convert.h">
      <Filter>Header Files</Filter>
    </ClInclude>
    <ClInclude Include="Libs\yaml-cpp\node\emit.h">
      <Filter>Header Files</Filter>
    </ClInclude>
    <ClInclude Include="Libs\yaml-cpp\node\impl.h">
      <Filter>Header Files</Filter>
    </ClInclude>
    <ClInclude Include="Libs\yaml-cpp\node\iterator.h">
      <Filter>Header Files</Filter>
    </ClInclude>
    <ClInclude Include="Libs\yaml-cpp\node\node.h">
      <Filter>Header Files</Filter>
    </ClInclude>
    <ClInclude Include="Libs\yaml-cpp\node\parse.h">
      <Filter>Header Files</Filter>
    </ClInclude>
    <ClInclude Include="Libs\yaml-cpp\node\ptr.h">
      <Filter>Header Files</Filter>
    </ClInclude>
    <ClInclude Include="Libs\yaml-cpp\node\type.h">
      <Filter>Header Files</Filter>
    </ClInclude>
    <ClInclude Include="Libs\yaml-cpp\anchor.h">
      <Filter>Header Files</Filter>
    </ClInclude>
    <ClInclude Include="Libs\yaml-cpp\binary.h">
      <Filter>Header Files</Filter>
    </ClInclude>
    <ClInclude Include="Libs\yaml-cpp\depthguard.h">
      <Filter>Header Files</Filter>
    </ClInclude>
    <ClInclude Include="Libs\yaml-cpp\dll.h">
      <Filter>Header Files</Filter>
    </ClInclude>
    <ClInclude Include="Libs\yaml-cpp\emitfromevents.h">
      <Filter>Header Files</Filter>
    </ClInclude>
    <ClInclude Include="Libs\yaml-cpp\emitter.h">
      <Filter>Header Files</Filter>
    </ClInclude>
    <ClInclude Include="Libs\yaml-cpp\emitterdef.h">
      <Filter>Header Files</Filter>
    </ClInclude>
    <ClInclude Include="Libs\yaml-cpp\emittermanip.h">
      <Filter>Header Files</Filter>
    </ClInclude>
    <ClInclude Include="Libs\yaml-cpp\emitterstyle.h">
      <Filter>Header Files</Filter>
    </ClInclude>
    <ClInclude Include="Libs\yaml-cpp\eventhandler.h">
      <Filter>Header Files</Filter>
    </ClInclude>
    <ClInclude Include="Libs\yaml-cpp\exceptions.h">
      <Filter>Header Files</Filter>
    </ClInclude>
    <ClInclude Include="Libs\yaml-cpp\mark.h">
      <Filter>Header Files</Filter>
    </ClInclude>
    <ClInclude Include="Libs\yaml-cpp\noexcept.h">
      <Filter>Header Files</Filter>
    </ClInclude>
    <ClInclude Include="Libs\yaml-cpp\null.h">
      <Filter>Header Files</Filter>
    </ClInclude>
    <ClInclude Include="Libs\yaml-cpp\ostream_wrapper.h">
      <Filter>Header Files</Filter>
    </ClInclude>
    <ClInclude Include="Libs\yaml-cpp\parser.h">
      <Filter>Header Files</Filter>
    </ClInclude>
    <ClInclude Include="Libs\yaml-cpp\stlemitter.h">
      <Filter>Header Files</Filter>
    </ClInclude>
    <ClInclude Include="Libs\yaml-cpp\traits.h">
      <Filter>Header Files</Filter>
    </ClInclude>
    <ClInclude Include="Libs\yaml-cpp\yaml.h">
      <Filter>Header Files</Filter>
    </ClInclude>
    <ClInclude Include="src\smile_engine\scene\scene_serializer.h">
      <Filter>Header Files</Filter>
    </ClInclude>
    <ClInclude Include="thirdparty\imguizmo\ImGuizmo.h">
      <Filter>Header Files</Filter>
    </ClInclude>
    <ClInclude Include="src\platform\smileraster\smileraster_context.h">
      <Filter>Header Files</Filter>
    </ClInclude>
    <ClInclude Include="src\platform\SmileRaster\smileraster_renderer_api.h">
      <Filter>Header Files</Filter>
    </ClInclude>
    <ClInclude Include="src\platform\smileraster\smileraster_buffer.h">
      <Filter>Header Files</Filter>
    </ClInclude>
    <ClInclude Include="src\smile_engine\renderer\animation\bone.h">
      <Filter>Header Files</Filter>
    </ClInclude>
    <ClInclude Include="src\smile_engine\renderer\animation\mesh_animator.h">
      <Filter>Header Files</Filter>
    </ClInclude>
    <ClInclude Include="src\smile_engine\renderer\mesh\static_mesh_filter.h">
      <Filter>Header Files</Filter>
    </ClInclude>
    <ClInclude Include="src\platform\SmileRaster\smileraster_shader.h">
      <Filter>Header Files</Filter>
    </ClInclude>
    <ClInclude Include="src\platform\SmileRaster\smileraster_texture.h">
      <Filter>Header Files</Filter>
    </ClInclude>
    <ClInclude Include="src\smile_engine\renderer\mesh\skinned_mesh_filter.h">
      <Filter>Header Files</Filter>
    </ClInclude>
    <ClInclude Include="src\smile_engine\renderer\camera\editor_camera.h">
      <Filter>Header Files</Filter>
    </ClInclude>
    <ClInclude Include="src\smile_engine\core\uuid.h">
      <Filter>Header Files</Filter>
    </ClInclude>
    <ClInclude Include="src\SmileEngine\Core\MouseCodes.h">
      <Filter>Header Files</Filter>
    </ClInclude>
    <ClInclude Include="src\SmileEngine\Core\GamepadCodes.h">
      <Filter>Header Files</Filter>
    </ClInclude>
    <ClInclude Include="src\smile_engine\physics\physics_engine.h">
      <Filter>Header Files</Filter>
    </ClInclude>
    <ClInclude Include="src\smile_engine\physics\physics_diagnostics.h">
      <Filter>Header Files</Filter>
    </ClInclude>
    <ClInclude Include="src\smile_engine\physics\physics_actor.h">
      <Filter>Header Files</Filter>
    </ClInclude>
    <ClInclude Include="src\smile_engine\physics\physics_utils.h">
      <Filter>Header Files</Filter>
    </ClInclude>
    <ClInclude Include="src\smile_engine\physics\contact_listener.h">
      <Filter>Header Files</Filter>
    </ClInclude>
    <ClInclude Include="src\smile_engine\physics\physics_material.h">
      <Filter>Header Files</Filter>
    </ClInclude>
    <ClInclude Include="src\smile_engine\renderer\resource\rasterizer_state.h">
      <Filter>Header Files</Filter>
    </ClInclude>
    <ClInclude Include="src\Platform\DirectX11\Resource\directx11_rasterizer_state.h">
      <Filter>Header Files</Filter>
    </ClInclude>
    <ClInclude Include="src\smile_engine\renderer\mesh\mesh_factory.h">
      <Filter>Header Files</Filter>
    </ClInclude>
    <ClInclude Include="src\smile_engine\renderer\mesh\mesh_filter.h">
      <Filter>Header Files</Filter>
    </ClInclude>
    <ClInclude Include="src\smile_engine\renderer\mesh\mesh_loader_utils.h">
      <Filter>Header Files</Filter>
    </ClInclude>
    <ClInclude Include="src\smile_engine\input\gamepad_codes.h">
      <Filter>Header Files</Filter>
    </ClInclude>
    <ClInclude Include="src\smile_engine\input\input.h">
      <Filter>Header Files</Filter>
    </ClInclude>
    <ClInclude Include="src\smile_engine\input\key_codes.h">
      <Filter>Header Files</Filter>
    </ClInclude>
    <ClInclude Include="src\smile_engine\input\mouse_codes.h">
      <Filter>Header Files</Filter>
    </ClInclude>
    <ClInclude Include="src\smile_engine\math\math.h">
      <Filter>Header Files</Filter>
    </ClInclude>
    <ClInclude Include="src\smile_engine\math\vector2.h">
      <Filter>Header Files</Filter>
    </ClInclude>
    <ClInclude Include="src\smile_engine\utils\platform_utils.h">
      <Filter>Header Files</Filter>
    </ClInclude>
    <ClInclude Include="src\smile_engine\utils\utils.h">
      <Filter>Header Files</Filter>
    </ClInclude>
    <ClInclude Include="src\smile_engine\ui\imgui\imgui_layer.h">
      <Filter>Header Files</Filter>
    </ClInclude>
    <ClInclude Include="src\smile_engine\core\assert.h">
      <Filter>Header Files</Filter>
    </ClInclude>
    <ClInclude Include="src\Platform\DirectX11\directx11_diagnostics.h">
      <Filter>Header Files</Filter>
    </ClInclude>
    <ClInclude Include="src\smile_engine\renderer\resource\vertex_buffer.h">
      <Filter>Header Files</Filter>
    </ClInclude>
    <ClInclude Include="src\Platform\DirectX11\Resource\directx11_vertex_buffer.h">
      <Filter>Header Files</Filter>
    </ClInclude>
    <ClInclude Include="src\smile_engine\renderer\resource\index_buffer.h">
      <Filter>Header Files</Filter>
    </ClInclude>
    <ClInclude Include="src\Platform\DirectX11\Shader\directx11_buffer.h">
      <Filter>Header Files</Filter>
    </ClInclude>
    <ClInclude Include="src\smile_engine\math\vector3.h">
      <Filter>Header Files</Filter>
    </ClInclude>
    <ClInclude Include="src\smile_engine\math\vector4.h">
      <Filter>Header Files</Filter>
    </ClInclude>
    <ClInclude Include="src\smile_engine\renderer\render_pass.h">
      <Filter>Header Files</Filter>
    </ClInclude>
    <ClInclude Include="src\smile_engine\renderer\static_mesh_render_pass.h">
      <Filter>Header Files</Filter>
    </ClInclude>
    <ClInclude Include="src\smile_engine\ecs\ecs_engine.h">
      <Filter>Header Files</Filter>
    </ClInclude>
    <ClInclude Include="src\smile_engine\ecs\entity_handle.h">
      <Filter>Header Files</Filter>
    </ClInclude>
    <ClInclude Include="src\smile_engine\renderer\shader\shader_library.h">
      <Filter>Header Files</Filter>
    </ClInclude>
    <ClInclude Include="src\smile_engine\ecs\component_storage.h">
      <Filter>Header Files</Filter>
    </ClInclude>
    <ClInclude Include="src\smile_engine\ecs\component_configuration.h">
      <Filter>Header Files</Filter>
    </ClInclude>
    <ClInclude Include="src\smile_engine\ecs\component_buffer.h">
      <Filter>Header Files</Filter>
    </ClInclude>
    <ClInclude Include="src\smile_engine\ecs\component_data_group.h">
      <Filter>Header Files</Filter>
    </ClInclude>
    <ClInclude Include="src\smile_engine\renderer\shader\shader_reflection.h">
      <Filter>Header Files</Filter>
    </ClInclude>
  </ItemGroup>
  <ItemGroup>
    <ClCompile Include="src\smpch.cpp">
      <Filter>Source Files</Filter>
    </ClCompile>
    <ClCompile Include="src\Platform\Windows\windows_window.cpp">
      <Filter>Source Files</Filter>
    </ClCompile>
    <ClCompile Include="src\Platform\Windows\windows_input.cpp">
      <Filter>Source Files</Filter>
    </ClCompile>
    <ClCompile Include="src\Platform\DirectX11\directx11_context.cpp">
      <Filter>Source Files</Filter>
    </ClCompile>
    <ClCompile Include="src\smile_engine\core\timer.cpp">
      <Filter>Source Files</Filter>
    </ClCompile>
    <ClCompile Include="src\Platform\DirectX11\Resource\directx11_index_buffer.cpp">
      <Filter>Source Files</Filter>
    </ClCompile>
    <ClCompile Include="src\smile_engine\renderer\renderer.cpp">
      <Filter>Source Files</Filter>
    </ClCompile>
    <ClCompile Include="src\smile_engine\renderer\shader\shader.cpp">
      <Filter>Source Files</Filter>
    </ClCompile>
    <ClCompile Include="src\Platform\DirectX11\Shader\directx11_shader.cpp">
      <Filter>Source Files</Filter>
    </ClCompile>
    <ClCompile Include="src\smile_engine\renderer\resource\vertex_array.cpp">
      <Filter>Source Files</Filter>
    </ClCompile>
    <ClCompile Include="src\smile_engine\renderer\renderer_api.cpp">
      <Filter>Source Files</Filter>
    </ClCompile>
    <ClCompile Include="src\smile_engine\renderer\render_command.cpp">
      <Filter>Source Files</Filter>
    </ClCompile>
    <ClCompile Include="src\Platform\DirectX11\directx11_renderer_api.cpp">
      <Filter>Source Files</Filter>
    </ClCompile>
    <ClCompile Include="src\smile_engine\renderer\camera\orthographic_camera.cpp">
      <Filter>Source Files</Filter>
    </ClCompile>
    <ClCompile Include="src\smile_engine\scene\scene.cpp">
      <Filter>Source Files</Filter>
    </ClCompile>
    <ClCompile Include="src\smile_engine\renderer\camera\perspective_camera.cpp">
      <Filter>Source Files</Filter>
    </ClCompile>
    <ClCompile Include="src\smile_engine\renderer\resource\texture.cpp">
      <Filter>Source Files</Filter>
    </ClCompile>
    <ClCompile Include="src\Platform\DirectX11\Resource\directx11_texture.cpp">
      <Filter>Source Files</Filter>
    </ClCompile>
    <ClCompile Include="src\smile_engine\renderer\mesh\material.cpp">
      <Filter>Source Files</Filter>
    </ClCompile>
    <ClCompile Include="thirdparty\imgui\imgui.cpp">
      <Filter>Source Files</Filter>
    </ClCompile>
    <ClCompile Include="thirdparty\imgui\imgui_demo.cpp">
      <Filter>Source Files</Filter>
    </ClCompile>
    <ClCompile Include="thirdparty\imgui\imgui_draw.cpp">
      <Filter>Source Files</Filter>
    </ClCompile>
    <ClCompile Include="thirdparty\imgui\imgui_impl_dx11.cpp">
      <Filter>Source Files</Filter>
    </ClCompile>
    <ClCompile Include="thirdparty\imgui\imgui_impl_win32.cpp">
      <Filter>Source Files</Filter>
    </ClCompile>
    <ClCompile Include="thirdparty\imgui\imgui_widgets.cpp">
      <Filter>Source Files</Filter>
    </ClCompile>
    <ClCompile Include="src\smile_engine\core\layer.cpp">
      <Filter>Source Files</Filter>
    </ClCompile>
    <ClCompile Include="src\smile_engine\core\layer_stack.cpp">
      <Filter>Source Files</Filter>
    </ClCompile>
    <ClCompile Include="src\smile_engine\core\logger.cpp">
      <Filter>Source Files</Filter>
    </ClCompile>
    <ClCompile Include="src\smile_engine\renderer\mesh\mesh_loader.cpp">
      <Filter>Source Files</Filter>
    </ClCompile>
    <ClCompile Include="src\smile_engine\core\application.cpp">
      <Filter>Source Files</Filter>
    </ClCompile>
    <ClCompile Include="src\smile_engine\renderer\camera\perspective_camera_controller.cpp">
      <Filter>Source Files</Filter>
    </ClCompile>
    <ClCompile Include="src\smile_engine\renderer\resource\frame_buffer.cpp">
      <Filter>Source Files</Filter>
    </ClCompile>
    <ClCompile Include="src\Platform\DirectX11\Resource\directx11_frame_buffer.cpp">
      <Filter>Source Files</Filter>
    </ClCompile>
    <ClCompile Include="src\smile_engine\scene\scene_camera.cpp">
      <Filter>Source Files</Filter>
    </ClCompile>
    <ClCompile Include="src\smile_engine\scene\scene_serializer.cpp">
      <Filter>Source Files</Filter>
    </ClCompile>
    <ClCompile Include="src\Platform\Windows\windows_platform_utils.cpp">
      <Filter>Source Files</Filter>
    </ClCompile>
    <ClCompile Include="thirdparty\imguizmo\ImGuizmo.cpp">
      <Filter>Source Files</Filter>
    </ClCompile>
    <ClCompile Include="src\smile_engine\renderer\graphics_context.cpp">
      <Filter>Source Files</Filter>
    </ClCompile>
    <ClCompile Include="src\platform\smileraster\smileraster_context.cpp">
      <Filter>Source Files</Filter>
    </ClCompile>
    <ClCompile Include="src\platform\SmileRaster\smileraster_renderer_api.cpp">
      <Filter>Source Files</Filter>
    </ClCompile>
    <ClCompile Include="src\platform\SmileRaster\smileraster_buffer.cpp">
      <Filter>Source Files</Filter>
    </ClCompile>
    <ClCompile Include="src\smile_engine\renderer\animation\bone.cpp">
      <Filter>Source Files</Filter>
    </ClCompile>
    <ClCompile Include="src\smile_engine\renderer\animation\mesh_animator.cpp">
      <Filter>Source Files</Filter>
    </ClCompile>
    <ClCompile Include="src\smile_engine\renderer\mesh\static_mesh_filter.cpp">
      <Filter>Source Files</Filter>
    </ClCompile>
    <ClCompile Include="src\platform\SmileRaster\smileraster_shader.cpp">
      <Filter>Source Files</Filter>
    </ClCompile>
    <ClCompile Include="src\platform\SmileRaster\smileraster_texture.cpp">
      <Filter>Source Files</Filter>
    </ClCompile>
    <ClCompile Include="src\smile_engine\renderer\mesh\skinned_mesh_filter.cpp">
      <Filter>Source Files</Filter>
    </ClCompile>
    <ClCompile Include="src\smile_engine\renderer\camera\editor_camera.cpp">
      <Filter>Source Files</Filter>
    </ClCompile>
    <ClCompile Include="src\smile_engine\core\uuid.cpp">
      <Filter>Source Files</Filter>
    </ClCompile>
    <ClCompile Include="src\smile_engine\physics\physics_diagnostics.cpp">
      <Filter>Source Files</Filter>
    </ClCompile>
    <ClCompile Include="src\smile_engine\physics\physics_engine.cpp">
      <Filter>Source Files</Filter>
    </ClCompile>
    <ClCompile Include="src\smile_engine\physics\physics_utils.cpp">
      <Filter>Source Files</Filter>
    </ClCompile>
    <ClCompile Include="src\smile_engine\physics\contact_listener.cpp">
      <Filter>Source Files</Filter>
    </ClCompile>
    <ClCompile Include="src\smile_engine\physics\physics_actor.cpp">
      <Filter>Source Files</Filter>
    </ClCompile>
    <ClCompile Include="src\smile_engine\renderer\resource\rasterizer_state.cpp">
      <Filter>Source Files</Filter>
    </ClCompile>
    <ClCompile Include="src\Platform\DirectX11\Resource\directx11_rasterizer_state.cpp">
      <Filter>Source Files</Filter>
    </ClCompile>
    <ClCompile Include="src\smile_engine\renderer\mesh\mesh_factory.cpp">
      <Filter>Source Files</Filter>
    </ClCompile>
    <ClCompile Include="src\smile_engine\renderer\mesh\mesh_filter.cpp">
      <Filter>Source Files</Filter>
    </ClCompile>
    <ClCompile Include="src\smile_engine\renderer\mesh\mesh_loader_utils.cpp">
      <Filter>Source Files</Filter>
    </ClCompile>
    <ClCompile Include="src\smile_engine\math\math.cpp">
      <Filter>Source Files</Filter>
    </ClCompile>
    <ClCompile Include="src\smile_engine\math\vector2.cpp">
      <Filter>Source Files</Filter>
    </ClCompile>
    <ClCompile Include="src\smile_engine\utils\utils.cpp">
      <Filter>Source Files</Filter>
    </ClCompile>
    <ClCompile Include="src\smile_engine\ui\imgui\imgui_layer.cpp">
      <Filter>Source Files</Filter>
    </ClCompile>
    <ClCompile Include="src\Platform\DirectX11\directx11_diagnostics.cpp">
      <Filter>Source Files</Filter>
    </ClCompile>
    <ClCompile Include="src\smile_engine\renderer\resource\vertex_buffer.cpp">
      <Filter>Source Files</Filter>
    </ClCompile>
    <ClCompile Include="src\Platform\DirectX11\Resource\directx11_vertex_buffer.cpp">
      <Filter>Source Files</Filter>
    </ClCompile>
    <ClCompile Include="src\smile_engine\renderer\resource\index_buffer.cpp">
      <Filter>Source Files</Filter>
    </ClCompile>
    <ClCompile Include="src\Platform\DirectX11\Shader\directx11_buffer.cpp">
      <Filter>Source Files</Filter>
    </ClCompile>
    <ClCompile Include="src\smile_engine\math\vector3.cpp">
      <Filter>Source Files</Filter>
    </ClCompile>
    <ClCompile Include="src\smile_engine\math\vector4.cpp">
      <Filter>Source Files</Filter>
    </ClCompile>
    <ClCompile Include="src\smile_engine\renderer\shader\shader_library.cpp">
      <Filter>Source Files</Filter>
    </ClCompile>
    <ClCompile Include="src\smile_engine\ecs\ecs_engine.cpp">
      <Filter>Source Files</Filter>
    </ClCompile>
    <ClCompile Include="src\smile_engine\ecs\component_configuration.cpp">
      <Filter>Source Files</Filter>
    </ClCompile>
    <ClCompile Include="src\platform\directx11\shader\directx11_shader_reflection.cpp">
      <Filter>Source Files</Filter>
    </ClCompile>
  </ItemGroup>
  <ItemGroup>
    <ResourceCompile Include="smile-engine.rc">
      <Filter>Resource Files</Filter>
    </ResourceCompile>
  </ItemGroup>
  <ItemGroup>
    <Image Include="assets\icons\logo.ico">
      <Filter>Resource Files</Filter>
    </Image>
  </ItemGroup>
</Project>